
Microsoft Visual Studio Solution File, Format Version 12.00
# Visual Studio 15
VisualStudioVersion = 15.0.27130.2027
MinimumVisualStudioVersion = 10.0.40219.1
Project("{2150E333-8FDC-42A3-9474-1A3956D46DE8}") = "L1", "L1", "{3C2087DA-BE6F-42BF-9BD3-A99970473363}"
EndProject
Project("{2150E333-8FDC-42A3-9474-1A3956D46DE8}") = "L2", "L2", "{F0393925-72DA-4C1A-BA7B-1305FAE796BC}"
EndProject
Project("{2150E333-8FDC-42A3-9474-1A3956D46DE8}") = "L3", "L3", "{3486B4F9-C0CA-43DA-AB21-5B4DB614F02C}"
EndProject
Project("{2150E333-8FDC-42A3-9474-1A3956D46DE8}") = "L4", "L4", "{D5B20BE9-7F31-42B3-AEFD-673637A271A6}"
EndProject
Project("{2150E333-8FDC-42A3-9474-1A3956D46DE8}") = "L5", "L5", "{6312639F-2835-4F0E-80AF-1DE1770EEB1F}"
EndProject
Project("{2150E333-8FDC-42A3-9474-1A3956D46DE8}") = "L6", "L6", "{F2987617-950E-474F-B06B-D2972BA1396C}"
EndProject
Project("{2150E333-8FDC-42A3-9474-1A3956D46DE8}") = "L7", "L7", "{9B599793-030F-4AC6-B137-445F49C3BE61}"
EndProject
Project("{2150E333-8FDC-42A3-9474-1A3956D46DE8}") = "L8", "L8", "{10DBFB04-E57F-42BD-BDD7-3A6BDF7BA9CA}"
EndProject
Project("{2150E333-8FDC-42A3-9474-1A3956D46DE8}") = "L9", "L9", "{B60593A2-7E47-4F2E-86FB-91A770A8E7E1}"
EndProject
Project("{8BC9CEB8-8B4A-11D0-8D11-00A0C91BC942}") = "L1_1", "L1\L1_1\L1_1.vcxproj", "{3D6493E7-99D8-44B2-87B4-CC7E14A2768C}"
EndProject
Project("{8BC9CEB8-8B4A-11D0-8D11-00A0C91BC942}") = "L1_2", "L1\L1_2\L1_2.vcxproj", "{6DEA72E4-B579-4C21-9EE2-BFC60B37402F}"
EndProject
Project("{8BC9CEB8-8B4A-11D0-8D11-00A0C91BC942}") = "L1_3", "L1\L1_3\L1_3.vcxproj", "{2941B217-E25D-4A87-ACFA-90D185B5EA4A}"
EndProject
Project("{8BC9CEB8-8B4A-11D0-8D11-00A0C91BC942}") = "L1_4", "L1\L1_4\L1_4.vcxproj", "{EC31B710-01E3-4416-97AB-CD8BBE3AD37F}"
EndProject
Project("{8BC9CEB8-8B4A-11D0-8D11-00A0C91BC942}") = "L1_5", "L1\L1_5\L1_5.vcxproj", "{165EC138-2ADF-42ED-ADE1-FE697225324F}"
EndProject
Project("{8BC9CEB8-8B4A-11D0-8D11-00A0C91BC942}") = "L1_6", "L1\L1_6\L1_6.vcxproj", "{EB6823A4-4DB2-4189-860B-611B1434CA57}"
EndProject
Project("{8BC9CEB8-8B4A-11D0-8D11-00A0C91BC942}") = "L1_A1", "L1\L1_A1\L1_A1.vcxproj", "{EAC224DE-6BF2-4F0D-A3E2-A8EA3BAF3213}"
EndProject
Project("{8BC9CEB8-8B4A-11D0-8D11-00A0C91BC942}") = "L1_A2", "L1\L1_A2\L1_A2.vcxproj", "{5B489D87-817C-4B01-9B62-BC5134EF091C}"
EndProject
Project("{8BC9CEB8-8B4A-11D0-8D11-00A0C91BC942}") = "L2_1", "L2\L2_1\L2_1.vcxproj", "{C860846E-CC2D-43FD-A6EA-4999F9E3C3F9}"
EndProject
Project("{8BC9CEB8-8B4A-11D0-8D11-00A0C91BC942}") = "L2_2", "L2\L2_2\L2_2.vcxproj", "{400F1EDC-A051-40FC-A1E1-B22FB406EE42}"
EndProject
Project("{8BC9CEB8-8B4A-11D0-8D11-00A0C91BC942}") = "L2_3", "L2\L2_3\L2_3.vcxproj", "{14A47022-A5AD-4859-8043-16FC47BA61D4}"
EndProject
Project("{8BC9CEB8-8B4A-11D0-8D11-00A0C91BC942}") = "L2_4", "L2\L2_4\L2_4.vcxproj", "{EB3E068C-744E-4DCA-9CA0-1C8516CF2532}"
EndProject
Project("{8BC9CEB8-8B4A-11D0-8D11-00A0C91BC942}") = "L2_5", "L2\L2_5\L2_5.vcxproj", "{5E2F384A-37AF-407D-96D8-C7D659A378F2}"
EndProject
Project("{8BC9CEB8-8B4A-11D0-8D11-00A0C91BC942}") = "L2_6_1", "L2\L2_6_1\L2_6_1.vcxproj", "{86BB61B8-96B1-41D2-9153-475EBD4FB3A5}"
EndProject
Project("{8BC9CEB8-8B4A-11D0-8D11-00A0C91BC942}") = "L2_6_2", "L2\L2_6_2\L2_6_2.vcxproj", "{A1909481-46D6-4F28-8D88-D64A8A811537}"
EndProject
Project("{8BC9CEB8-8B4A-11D0-8D11-00A0C91BC942}") = "L2_A1", "L2\L2_A1\L2_A1.vcxproj", "{433BD367-ADB1-46C4-8502-2F933C44575A}"
EndProject
Project("{8BC9CEB8-8B4A-11D0-8D11-00A0C91BC942}") = "L2_A2", "L2\L2_A2\L2_A2.vcxproj", "{0C0EF1DC-79AC-45DD-82F4-35ED24E77B67}"
EndProject
Project("{8BC9CEB8-8B4A-11D0-8D11-00A0C91BC942}") = "L3_1", "L3\L3_1\L3_1.vcxproj", "{65045E02-BB38-4514-BCE2-1D8A2A705F9A}"
EndProject
Project("{8BC9CEB8-8B4A-11D0-8D11-00A0C91BC942}") = "L3_2", "L3\L3_2\L3_2.vcxproj", "{A2977986-0249-4DA6-B6C6-91F3333CA08F}"
EndProject
Project("{8BC9CEB8-8B4A-11D0-8D11-00A0C91BC942}") = "L3_3", "L3\L3_3\L3_3.vcxproj", "{77F413C6-B019-4BC6-8DD0-5DF5ED56A3A1}"
EndProject
Project("{8BC9CEB8-8B4A-11D0-8D11-00A0C91BC942}") = "L3_4", "L3\L3_4\L3_4.vcxproj", "{C13727C0-2E85-47B2-AB62-FD84CD27ABD6}"
EndProject
Project("{8BC9CEB8-8B4A-11D0-8D11-00A0C91BC942}") = "L3_5", "L3\L3_5\L3_5.vcxproj", "{7F915C2D-5D61-43E0-B729-0C6A4F352982}"
EndProject
Project("{8BC9CEB8-8B4A-11D0-8D11-00A0C91BC942}") = "L3_A1", "L3\L3_A1\L3_A1.vcxproj", "{698555B4-79F8-4EF0-AACE-0EF77528B11F}"
EndProject
Project("{8BC9CEB8-8B4A-11D0-8D11-00A0C91BC942}") = "L3_A2", "L3\L3_A2\L3_A2.vcxproj", "{FCC24CDF-A256-4AC2-AD2B-2EA2553E5C9E}"
EndProject
Project("{8BC9CEB8-8B4A-11D0-8D11-00A0C91BC942}") = "L4_1", "L4\L4_1\L4_1.vcxproj", "{95BE22B9-F316-4A26-86A4-4C17424893F7}"
EndProject
Project("{8BC9CEB8-8B4A-11D0-8D11-00A0C91BC942}") = "L4_2", "L4\L4_2\L4_2.vcxproj", "{5E4D8E40-50C8-4AE3-9759-A86C13669F55}"
EndProject
Project("{8BC9CEB8-8B4A-11D0-8D11-00A0C91BC942}") = "L4_A1_1", "L4\L4_A1_1\L4_A1_1.vcxproj", "{7CBFB6EC-78FC-4BDE-BEF3-99BB94FF05AD}"
EndProject
Project("{8BC9CEB8-8B4A-11D0-8D11-00A0C91BC942}") = "L4_A1_2", "L4\L4_A1_2\L4_A1_2.vcxproj", "{08EE6D99-FF16-4149-89BD-DBCF8208FA28}"
EndProject
Project("{8BC9CEB8-8B4A-11D0-8D11-00A0C91BC942}") = "L4_A2", "L4\L4_A2\L4_A2.vcxproj", "{B31D8E1C-9F71-434D-B2BA-79C2316FBF27}"
EndProject
Project("{8BC9CEB8-8B4A-11D0-8D11-00A0C91BC942}") = "L5_1", "L5\L5_1\L5_1.vcxproj", "{2C76DF6D-E213-428E-8BAC-452E3A32C64D}"
EndProject
Project("{8BC9CEB8-8B4A-11D0-8D11-00A0C91BC942}") = "L5_2", "L5\L5_2\L5_2.vcxproj", "{0B8B6682-2353-4E50-9D01-1D29344A0A6A}"
EndProject
Project("{8BC9CEB8-8B4A-11D0-8D11-00A0C91BC942}") = "L5_A1_1", "L5\L5_A1_1\L5_A1_1.vcxproj", "{BF990105-B002-47EF-AFD9-9A504EF31F07}"
EndProject
Project("{8BC9CEB8-8B4A-11D0-8D11-00A0C91BC942}") = "L5_A1_2", "L5\L5_A1_2\L5_A1_2.vcxproj", "{8D4D28EC-6A92-4D67-BC53-941E6AAA77AD}"
EndProject
Project("{8BC9CEB8-8B4A-11D0-8D11-00A0C91BC942}") = "L5_A1_3", "L5\L5_A1_3\L5_A1_3.vcxproj", "{A0D18317-3EC8-4DE1-B68E-6D7C2C838553}"
EndProject
Project("{8BC9CEB8-8B4A-11D0-8D11-00A0C91BC942}") = "L5_A2", "L5\L5_A2\L5_A2.vcxproj", "{6E066648-D6BD-410F-AE65-DA6F886B160D}"
EndProject
Project("{8BC9CEB8-8B4A-11D0-8D11-00A0C91BC942}") = "L6_1", "L6\L6_1\L6_1.vcxproj", "{2887E7AC-C598-469E-A2D9-FA8490C32DC7}"
EndProject
Project("{8BC9CEB8-8B4A-11D0-8D11-00A0C91BC942}") = "L6_2", "L6\L6_2\L6_2.vcxproj", "{58AC9600-C2E5-408D-9DEA-0F8A92AB97D4}"
EndProject
Project("{8BC9CEB8-8B4A-11D0-8D11-00A0C91BC942}") = "L6_A1", "L6\L6_A1\L6_A1.vcxproj", "{7703453B-CD85-42D1-839E-81B597947E69}"
EndProject
Project("{8BC9CEB8-8B4A-11D0-8D11-00A0C91BC942}") = "L7_1", "L7\L7_1\L7_1.vcxproj", "{59257D44-29A4-4123-821A-82632A21361A}"
EndProject
Project("{8BC9CEB8-8B4A-11D0-8D11-00A0C91BC942}") = "L7_2", "L7\L7_2\L7_2.vcxproj", "{5C17A5FE-FFB9-4AF0-9641-27CEB31929A6}"
EndProject
Project("{8BC9CEB8-8B4A-11D0-8D11-00A0C91BC942}") = "L7_A1", "L7\L7_A1\L7_A1.vcxproj", "{CDFB7446-1CDE-451C-8D74-7261D9AF13B9}"
EndProject
Project("{8BC9CEB8-8B4A-11D0-8D11-00A0C91BC942}") = "L8_1", "L8\L8_1\L8_1.vcxproj", "{71B0A905-41C6-48F2-B2F3-A5BE6471F3E3}"
EndProject
Project("{8BC9CEB8-8B4A-11D0-8D11-00A0C91BC942}") = "L8_A1", "L8\L8_A1\L8_A1.vcxproj", "{29A3F32E-892C-4B14-8197-51796B56CCDE}"
EndProject
Project("{8BC9CEB8-8B4A-11D0-8D11-00A0C91BC942}") = "L9_1", "L9\L9_1\L9_1.vcxproj", "{FAF2F607-DE9F-4D9A-90FB-B4C5545B0B56}"
EndProject
Project("{8BC9CEB8-8B4A-11D0-8D11-00A0C91BC942}") = "L9_2", "L9\L9_2\L9_2.vcxproj", "{11410512-BAE5-421A-BB23-1DFA3A6A5675}"
EndProject
Project("{8BC9CEB8-8B4A-11D0-8D11-00A0C91BC942}") = "L9_3", "L9\L9_3\L9_3.vcxproj", "{47F25585-F2E1-495E-BD3A-9AAB2C5C3D0E}"
EndProject
Project("{8BC9CEB8-8B4A-11D0-8D11-00A0C91BC942}") = "L9_4", "L9\L9_4\L9_4.vcxproj", "{571F3C3E-7C99-4295-A40B-D6C65E38AB69}"
EndProject
Project("{8BC9CEB8-8B4A-11D0-8D11-00A0C91BC942}") = "L9_5", "L9\L9_5\L9_5.vcxproj", "{70738630-F6B1-417C-9ED5-8D722F5D0FD7}"
EndProject
Project("{2150E333-8FDC-42A3-9474-1A3956D46DE8}") = "L11", "L11", "{9267B22B-BEF2-4494-8240-7FBC08E3F50C}"
EndProject
Project("{8BC9CEB8-8B4A-11D0-8D11-00A0C91BC942}") = "L11_1", "L11\L11_1\L11_1.vcxproj", "{D4173EBF-7A06-442A-AD49-EF7D8E3311D2}"
EndProject
Project("{8BC9CEB8-8B4A-11D0-8D11-00A0C91BC942}") = "L11_2", "L11\L11_2\L11_2.vcxproj", "{EE3D4C7A-890F-478E-A4F2-ABE4BE16EF7A}"
EndProject
Project("{8BC9CEB8-8B4A-11D0-8D11-00A0C91BC942}") = "L11_3", "L11\L11_3\L11_3.vcxproj", "{379E09D4-5964-48C8-A322-6CA871260944}"
EndProject
Project("{8BC9CEB8-8B4A-11D0-8D11-00A0C91BC942}") = "L11_4", "L11\L11_4\L11_4.vcxproj", "{DB8F7354-9B6A-4DFA-A8AE-A9ED883F8628}"
EndProject
Project("{8BC9CEB8-8B4A-11D0-8D11-00A0C91BC942}") = "L11_5", "L11\L11_5\L11_5.vcxproj", "{D8DED6E0-168B-4284-AD7B-7461D5239F23}"
EndProject
Project("{8BC9CEB8-8B4A-11D0-8D11-00A0C91BC942}") = "L11_6", "L11\L11_6\L11_6.vcxproj", "{0EC91E27-145E-4816-9D1D-1D8A63E5E2B3}"
EndProject
Project("{8BC9CEB8-8B4A-11D0-8D11-00A0C91BC942}") = "L11_7", "L11\L11_7\L11_7.vcxproj", "{6A78F3EA-D42D-4A68-9271-A5664FF70D81}"
EndProject
Project("{8BC9CEB8-8B4A-11D0-8D11-00A0C91BC942}") = "L11_8", "L11\L11_8\L11_8.vcxproj", "{82CC8B27-8389-478A-9EFD-ECC6060136B0}"
EndProject
Project("{8BC9CEB8-8B4A-11D0-8D11-00A0C91BC942}") = "L11_9", "L11\L11_9\L11_9.vcxproj", "{B73FC663-7557-4812-BF40-0DB71BA106EE}"
EndProject
Project("{8BC9CEB8-8B4A-11D0-8D11-00A0C91BC942}") = "L11_10", "L11\L11_10\L11_10.vcxproj", "{5582F637-2BFC-4A57-9EEF-C73F0F634902}"
EndProject
Project("{2150E333-8FDC-42A3-9474-1A3956D46DE8}") = "L12", "L12", "{0B2B51F3-9881-4A1C-AC7F-80C7A2206E33}"
EndProject
Project("{8BC9CEB8-8B4A-11D0-8D11-00A0C91BC942}") = "L12_1", "L12\L12_1\L12_1.vcxproj", "{CA3DC8EE-EFB7-4775-9EA2-845222C306B8}"
EndProject
Global
	GlobalSection(SolutionConfigurationPlatforms) = preSolution
		Debug|x64 = Debug|x64
		Debug|x86 = Debug|x86
		Release|x64 = Release|x64
		Release|x86 = Release|x86
	EndGlobalSection
	GlobalSection(ProjectConfigurationPlatforms) = postSolution
		{3D6493E7-99D8-44B2-87B4-CC7E14A2768C}.Debug|x64.ActiveCfg = Debug|x64
		{3D6493E7-99D8-44B2-87B4-CC7E14A2768C}.Debug|x64.Build.0 = Debug|x64
		{3D6493E7-99D8-44B2-87B4-CC7E14A2768C}.Debug|x86.ActiveCfg = Debug|Win32
		{3D6493E7-99D8-44B2-87B4-CC7E14A2768C}.Debug|x86.Build.0 = Debug|Win32
		{3D6493E7-99D8-44B2-87B4-CC7E14A2768C}.Release|x64.ActiveCfg = Release|x64
		{3D6493E7-99D8-44B2-87B4-CC7E14A2768C}.Release|x64.Build.0 = Release|x64
		{3D6493E7-99D8-44B2-87B4-CC7E14A2768C}.Release|x86.ActiveCfg = Release|Win32
		{3D6493E7-99D8-44B2-87B4-CC7E14A2768C}.Release|x86.Build.0 = Release|Win32
		{6DEA72E4-B579-4C21-9EE2-BFC60B37402F}.Debug|x64.ActiveCfg = Debug|x64
		{6DEA72E4-B579-4C21-9EE2-BFC60B37402F}.Debug|x64.Build.0 = Debug|x64
		{6DEA72E4-B579-4C21-9EE2-BFC60B37402F}.Debug|x86.ActiveCfg = Debug|Win32
		{6DEA72E4-B579-4C21-9EE2-BFC60B37402F}.Debug|x86.Build.0 = Debug|Win32
		{6DEA72E4-B579-4C21-9EE2-BFC60B37402F}.Release|x64.ActiveCfg = Release|x64
		{6DEA72E4-B579-4C21-9EE2-BFC60B37402F}.Release|x64.Build.0 = Release|x64
		{6DEA72E4-B579-4C21-9EE2-BFC60B37402F}.Release|x86.ActiveCfg = Release|Win32
		{6DEA72E4-B579-4C21-9EE2-BFC60B37402F}.Release|x86.Build.0 = Release|Win32
		{2941B217-E25D-4A87-ACFA-90D185B5EA4A}.Debug|x64.ActiveCfg = Debug|x64
		{2941B217-E25D-4A87-ACFA-90D185B5EA4A}.Debug|x64.Build.0 = Debug|x64
		{2941B217-E25D-4A87-ACFA-90D185B5EA4A}.Debug|x86.ActiveCfg = Debug|Win32
		{2941B217-E25D-4A87-ACFA-90D185B5EA4A}.Debug|x86.Build.0 = Debug|Win32
		{2941B217-E25D-4A87-ACFA-90D185B5EA4A}.Release|x64.ActiveCfg = Release|x64
		{2941B217-E25D-4A87-ACFA-90D185B5EA4A}.Release|x64.Build.0 = Release|x64
		{2941B217-E25D-4A87-ACFA-90D185B5EA4A}.Release|x86.ActiveCfg = Release|Win32
		{2941B217-E25D-4A87-ACFA-90D185B5EA4A}.Release|x86.Build.0 = Release|Win32
		{EC31B710-01E3-4416-97AB-CD8BBE3AD37F}.Debug|x64.ActiveCfg = Debug|x64
		{EC31B710-01E3-4416-97AB-CD8BBE3AD37F}.Debug|x64.Build.0 = Debug|x64
		{EC31B710-01E3-4416-97AB-CD8BBE3AD37F}.Debug|x86.ActiveCfg = Debug|Win32
		{EC31B710-01E3-4416-97AB-CD8BBE3AD37F}.Debug|x86.Build.0 = Debug|Win32
		{EC31B710-01E3-4416-97AB-CD8BBE3AD37F}.Release|x64.ActiveCfg = Release|x64
		{EC31B710-01E3-4416-97AB-CD8BBE3AD37F}.Release|x64.Build.0 = Release|x64
		{EC31B710-01E3-4416-97AB-CD8BBE3AD37F}.Release|x86.ActiveCfg = Release|Win32
		{EC31B710-01E3-4416-97AB-CD8BBE3AD37F}.Release|x86.Build.0 = Release|Win32
		{165EC138-2ADF-42ED-ADE1-FE697225324F}.Debug|x64.ActiveCfg = Debug|x64
		{165EC138-2ADF-42ED-ADE1-FE697225324F}.Debug|x64.Build.0 = Debug|x64
		{165EC138-2ADF-42ED-ADE1-FE697225324F}.Debug|x86.ActiveCfg = Debug|Win32
		{165EC138-2ADF-42ED-ADE1-FE697225324F}.Debug|x86.Build.0 = Debug|Win32
		{165EC138-2ADF-42ED-ADE1-FE697225324F}.Release|x64.ActiveCfg = Release|x64
		{165EC138-2ADF-42ED-ADE1-FE697225324F}.Release|x64.Build.0 = Release|x64
		{165EC138-2ADF-42ED-ADE1-FE697225324F}.Release|x86.ActiveCfg = Release|Win32
		{165EC138-2ADF-42ED-ADE1-FE697225324F}.Release|x86.Build.0 = Release|Win32
		{EB6823A4-4DB2-4189-860B-611B1434CA57}.Debug|x64.ActiveCfg = Debug|x64
		{EB6823A4-4DB2-4189-860B-611B1434CA57}.Debug|x64.Build.0 = Debug|x64
		{EB6823A4-4DB2-4189-860B-611B1434CA57}.Debug|x86.ActiveCfg = Debug|Win32
		{EB6823A4-4DB2-4189-860B-611B1434CA57}.Debug|x86.Build.0 = Debug|Win32
		{EB6823A4-4DB2-4189-860B-611B1434CA57}.Release|x64.ActiveCfg = Release|x64
		{EB6823A4-4DB2-4189-860B-611B1434CA57}.Release|x64.Build.0 = Release|x64
		{EB6823A4-4DB2-4189-860B-611B1434CA57}.Release|x86.ActiveCfg = Release|Win32
		{EB6823A4-4DB2-4189-860B-611B1434CA57}.Release|x86.Build.0 = Release|Win32
		{EAC224DE-6BF2-4F0D-A3E2-A8EA3BAF3213}.Debug|x64.ActiveCfg = Debug|x64
		{EAC224DE-6BF2-4F0D-A3E2-A8EA3BAF3213}.Debug|x64.Build.0 = Debug|x64
		{EAC224DE-6BF2-4F0D-A3E2-A8EA3BAF3213}.Debug|x86.ActiveCfg = Debug|Win32
		{EAC224DE-6BF2-4F0D-A3E2-A8EA3BAF3213}.Debug|x86.Build.0 = Debug|Win32
		{EAC224DE-6BF2-4F0D-A3E2-A8EA3BAF3213}.Release|x64.ActiveCfg = Release|x64
		{EAC224DE-6BF2-4F0D-A3E2-A8EA3BAF3213}.Release|x64.Build.0 = Release|x64
		{EAC224DE-6BF2-4F0D-A3E2-A8EA3BAF3213}.Release|x86.ActiveCfg = Release|Win32
		{EAC224DE-6BF2-4F0D-A3E2-A8EA3BAF3213}.Release|x86.Build.0 = Release|Win32
		{5B489D87-817C-4B01-9B62-BC5134EF091C}.Debug|x64.ActiveCfg = Debug|x64
		{5B489D87-817C-4B01-9B62-BC5134EF091C}.Debug|x64.Build.0 = Debug|x64
		{5B489D87-817C-4B01-9B62-BC5134EF091C}.Debug|x86.ActiveCfg = Debug|Win32
		{5B489D87-817C-4B01-9B62-BC5134EF091C}.Debug|x86.Build.0 = Debug|Win32
		{5B489D87-817C-4B01-9B62-BC5134EF091C}.Release|x64.ActiveCfg = Release|x64
		{5B489D87-817C-4B01-9B62-BC5134EF091C}.Release|x64.Build.0 = Release|x64
		{5B489D87-817C-4B01-9B62-BC5134EF091C}.Release|x86.ActiveCfg = Release|Win32
		{5B489D87-817C-4B01-9B62-BC5134EF091C}.Release|x86.Build.0 = Release|Win32
		{C860846E-CC2D-43FD-A6EA-4999F9E3C3F9}.Debug|x64.ActiveCfg = Debug|x64
		{C860846E-CC2D-43FD-A6EA-4999F9E3C3F9}.Debug|x64.Build.0 = Debug|x64
		{C860846E-CC2D-43FD-A6EA-4999F9E3C3F9}.Debug|x86.ActiveCfg = Debug|Win32
		{C860846E-CC2D-43FD-A6EA-4999F9E3C3F9}.Debug|x86.Build.0 = Debug|Win32
		{C860846E-CC2D-43FD-A6EA-4999F9E3C3F9}.Release|x64.ActiveCfg = Release|x64
		{C860846E-CC2D-43FD-A6EA-4999F9E3C3F9}.Release|x64.Build.0 = Release|x64
		{C860846E-CC2D-43FD-A6EA-4999F9E3C3F9}.Release|x86.ActiveCfg = Release|Win32
		{C860846E-CC2D-43FD-A6EA-4999F9E3C3F9}.Release|x86.Build.0 = Release|Win32
		{400F1EDC-A051-40FC-A1E1-B22FB406EE42}.Debug|x64.ActiveCfg = Debug|x64
		{400F1EDC-A051-40FC-A1E1-B22FB406EE42}.Debug|x64.Build.0 = Debug|x64
		{400F1EDC-A051-40FC-A1E1-B22FB406EE42}.Debug|x86.ActiveCfg = Debug|Win32
		{400F1EDC-A051-40FC-A1E1-B22FB406EE42}.Debug|x86.Build.0 = Debug|Win32
		{400F1EDC-A051-40FC-A1E1-B22FB406EE42}.Release|x64.ActiveCfg = Release|x64
		{400F1EDC-A051-40FC-A1E1-B22FB406EE42}.Release|x64.Build.0 = Release|x64
		{400F1EDC-A051-40FC-A1E1-B22FB406EE42}.Release|x86.ActiveCfg = Release|Win32
		{400F1EDC-A051-40FC-A1E1-B22FB406EE42}.Release|x86.Build.0 = Release|Win32
		{14A47022-A5AD-4859-8043-16FC47BA61D4}.Debug|x64.ActiveCfg = Debug|x64
		{14A47022-A5AD-4859-8043-16FC47BA61D4}.Debug|x64.Build.0 = Debug|x64
		{14A47022-A5AD-4859-8043-16FC47BA61D4}.Debug|x86.ActiveCfg = Debug|Win32
		{14A47022-A5AD-4859-8043-16FC47BA61D4}.Debug|x86.Build.0 = Debug|Win32
		{14A47022-A5AD-4859-8043-16FC47BA61D4}.Release|x64.ActiveCfg = Release|x64
		{14A47022-A5AD-4859-8043-16FC47BA61D4}.Release|x64.Build.0 = Release|x64
		{14A47022-A5AD-4859-8043-16FC47BA61D4}.Release|x86.ActiveCfg = Release|Win32
		{14A47022-A5AD-4859-8043-16FC47BA61D4}.Release|x86.Build.0 = Release|Win32
		{EB3E068C-744E-4DCA-9CA0-1C8516CF2532}.Debug|x64.ActiveCfg = Debug|x64
		{EB3E068C-744E-4DCA-9CA0-1C8516CF2532}.Debug|x64.Build.0 = Debug|x64
		{EB3E068C-744E-4DCA-9CA0-1C8516CF2532}.Debug|x86.ActiveCfg = Debug|Win32
		{EB3E068C-744E-4DCA-9CA0-1C8516CF2532}.Debug|x86.Build.0 = Debug|Win32
		{EB3E068C-744E-4DCA-9CA0-1C8516CF2532}.Release|x64.ActiveCfg = Release|x64
		{EB3E068C-744E-4DCA-9CA0-1C8516CF2532}.Release|x64.Build.0 = Release|x64
		{EB3E068C-744E-4DCA-9CA0-1C8516CF2532}.Release|x86.ActiveCfg = Release|Win32
		{EB3E068C-744E-4DCA-9CA0-1C8516CF2532}.Release|x86.Build.0 = Release|Win32
		{5E2F384A-37AF-407D-96D8-C7D659A378F2}.Debug|x64.ActiveCfg = Debug|x64
		{5E2F384A-37AF-407D-96D8-C7D659A378F2}.Debug|x64.Build.0 = Debug|x64
		{5E2F384A-37AF-407D-96D8-C7D659A378F2}.Debug|x86.ActiveCfg = Debug|Win32
		{5E2F384A-37AF-407D-96D8-C7D659A378F2}.Debug|x86.Build.0 = Debug|Win32
		{5E2F384A-37AF-407D-96D8-C7D659A378F2}.Release|x64.ActiveCfg = Release|x64
		{5E2F384A-37AF-407D-96D8-C7D659A378F2}.Release|x64.Build.0 = Release|x64
		{5E2F384A-37AF-407D-96D8-C7D659A378F2}.Release|x86.ActiveCfg = Release|Win32
		{5E2F384A-37AF-407D-96D8-C7D659A378F2}.Release|x86.Build.0 = Release|Win32
		{86BB61B8-96B1-41D2-9153-475EBD4FB3A5}.Debug|x64.ActiveCfg = Debug|x64
		{86BB61B8-96B1-41D2-9153-475EBD4FB3A5}.Debug|x64.Build.0 = Debug|x64
		{86BB61B8-96B1-41D2-9153-475EBD4FB3A5}.Debug|x86.ActiveCfg = Debug|Win32
		{86BB61B8-96B1-41D2-9153-475EBD4FB3A5}.Debug|x86.Build.0 = Debug|Win32
		{86BB61B8-96B1-41D2-9153-475EBD4FB3A5}.Release|x64.ActiveCfg = Release|x64
		{86BB61B8-96B1-41D2-9153-475EBD4FB3A5}.Release|x64.Build.0 = Release|x64
		{86BB61B8-96B1-41D2-9153-475EBD4FB3A5}.Release|x86.ActiveCfg = Release|Win32
		{86BB61B8-96B1-41D2-9153-475EBD4FB3A5}.Release|x86.Build.0 = Release|Win32
		{A1909481-46D6-4F28-8D88-D64A8A811537}.Debug|x64.ActiveCfg = Debug|x64
		{A1909481-46D6-4F28-8D88-D64A8A811537}.Debug|x64.Build.0 = Debug|x64
		{A1909481-46D6-4F28-8D88-D64A8A811537}.Debug|x86.ActiveCfg = Debug|Win32
		{A1909481-46D6-4F28-8D88-D64A8A811537}.Debug|x86.Build.0 = Debug|Win32
		{A1909481-46D6-4F28-8D88-D64A8A811537}.Release|x64.ActiveCfg = Release|x64
		{A1909481-46D6-4F28-8D88-D64A8A811537}.Release|x64.Build.0 = Release|x64
		{A1909481-46D6-4F28-8D88-D64A8A811537}.Release|x86.ActiveCfg = Release|Win32
		{A1909481-46D6-4F28-8D88-D64A8A811537}.Release|x86.Build.0 = Release|Win32
		{433BD367-ADB1-46C4-8502-2F933C44575A}.Debug|x64.ActiveCfg = Debug|x64
		{433BD367-ADB1-46C4-8502-2F933C44575A}.Debug|x64.Build.0 = Debug|x64
		{433BD367-ADB1-46C4-8502-2F933C44575A}.Debug|x86.ActiveCfg = Debug|Win32
		{433BD367-ADB1-46C4-8502-2F933C44575A}.Debug|x86.Build.0 = Debug|Win32
		{433BD367-ADB1-46C4-8502-2F933C44575A}.Release|x64.ActiveCfg = Release|x64
		{433BD367-ADB1-46C4-8502-2F933C44575A}.Release|x64.Build.0 = Release|x64
		{433BD367-ADB1-46C4-8502-2F933C44575A}.Release|x86.ActiveCfg = Release|Win32
		{433BD367-ADB1-46C4-8502-2F933C44575A}.Release|x86.Build.0 = Release|Win32
		{0C0EF1DC-79AC-45DD-82F4-35ED24E77B67}.Debug|x64.ActiveCfg = Debug|x64
		{0C0EF1DC-79AC-45DD-82F4-35ED24E77B67}.Debug|x64.Build.0 = Debug|x64
		{0C0EF1DC-79AC-45DD-82F4-35ED24E77B67}.Debug|x86.ActiveCfg = Debug|Win32
		{0C0EF1DC-79AC-45DD-82F4-35ED24E77B67}.Debug|x86.Build.0 = Debug|Win32
		{0C0EF1DC-79AC-45DD-82F4-35ED24E77B67}.Release|x64.ActiveCfg = Release|x64
		{0C0EF1DC-79AC-45DD-82F4-35ED24E77B67}.Release|x64.Build.0 = Release|x64
		{0C0EF1DC-79AC-45DD-82F4-35ED24E77B67}.Release|x86.ActiveCfg = Release|Win32
		{0C0EF1DC-79AC-45DD-82F4-35ED24E77B67}.Release|x86.Build.0 = Release|Win32
		{65045E02-BB38-4514-BCE2-1D8A2A705F9A}.Debug|x64.ActiveCfg = Debug|x64
		{65045E02-BB38-4514-BCE2-1D8A2A705F9A}.Debug|x64.Build.0 = Debug|x64
		{65045E02-BB38-4514-BCE2-1D8A2A705F9A}.Debug|x86.ActiveCfg = Debug|Win32
		{65045E02-BB38-4514-BCE2-1D8A2A705F9A}.Debug|x86.Build.0 = Debug|Win32
		{65045E02-BB38-4514-BCE2-1D8A2A705F9A}.Release|x64.ActiveCfg = Release|x64
		{65045E02-BB38-4514-BCE2-1D8A2A705F9A}.Release|x64.Build.0 = Release|x64
		{65045E02-BB38-4514-BCE2-1D8A2A705F9A}.Release|x86.ActiveCfg = Release|Win32
		{65045E02-BB38-4514-BCE2-1D8A2A705F9A}.Release|x86.Build.0 = Release|Win32
		{A2977986-0249-4DA6-B6C6-91F3333CA08F}.Debug|x64.ActiveCfg = Debug|x64
		{A2977986-0249-4DA6-B6C6-91F3333CA08F}.Debug|x64.Build.0 = Debug|x64
		{A2977986-0249-4DA6-B6C6-91F3333CA08F}.Debug|x86.ActiveCfg = Debug|Win32
		{A2977986-0249-4DA6-B6C6-91F3333CA08F}.Debug|x86.Build.0 = Debug|Win32
		{A2977986-0249-4DA6-B6C6-91F3333CA08F}.Release|x64.ActiveCfg = Release|x64
		{A2977986-0249-4DA6-B6C6-91F3333CA08F}.Release|x64.Build.0 = Release|x64
		{A2977986-0249-4DA6-B6C6-91F3333CA08F}.Release|x86.ActiveCfg = Release|Win32
		{A2977986-0249-4DA6-B6C6-91F3333CA08F}.Release|x86.Build.0 = Release|Win32
		{77F413C6-B019-4BC6-8DD0-5DF5ED56A3A1}.Debug|x64.ActiveCfg = Debug|x64
		{77F413C6-B019-4BC6-8DD0-5DF5ED56A3A1}.Debug|x64.Build.0 = Debug|x64
		{77F413C6-B019-4BC6-8DD0-5DF5ED56A3A1}.Debug|x86.ActiveCfg = Debug|Win32
		{77F413C6-B019-4BC6-8DD0-5DF5ED56A3A1}.Debug|x86.Build.0 = Debug|Win32
		{77F413C6-B019-4BC6-8DD0-5DF5ED56A3A1}.Release|x64.ActiveCfg = Release|x64
		{77F413C6-B019-4BC6-8DD0-5DF5ED56A3A1}.Release|x64.Build.0 = Release|x64
		{77F413C6-B019-4BC6-8DD0-5DF5ED56A3A1}.Release|x86.ActiveCfg = Release|Win32
		{77F413C6-B019-4BC6-8DD0-5DF5ED56A3A1}.Release|x86.Build.0 = Release|Win32
		{C13727C0-2E85-47B2-AB62-FD84CD27ABD6}.Debug|x64.ActiveCfg = Debug|x64
		{C13727C0-2E85-47B2-AB62-FD84CD27ABD6}.Debug|x64.Build.0 = Debug|x64
		{C13727C0-2E85-47B2-AB62-FD84CD27ABD6}.Debug|x86.ActiveCfg = Debug|Win32
		{C13727C0-2E85-47B2-AB62-FD84CD27ABD6}.Debug|x86.Build.0 = Debug|Win32
		{C13727C0-2E85-47B2-AB62-FD84CD27ABD6}.Release|x64.ActiveCfg = Release|x64
		{C13727C0-2E85-47B2-AB62-FD84CD27ABD6}.Release|x64.Build.0 = Release|x64
		{C13727C0-2E85-47B2-AB62-FD84CD27ABD6}.Release|x86.ActiveCfg = Release|Win32
		{C13727C0-2E85-47B2-AB62-FD84CD27ABD6}.Release|x86.Build.0 = Release|Win32
		{7F915C2D-5D61-43E0-B729-0C6A4F352982}.Debug|x64.ActiveCfg = Debug|x64
		{7F915C2D-5D61-43E0-B729-0C6A4F352982}.Debug|x64.Build.0 = Debug|x64
		{7F915C2D-5D61-43E0-B729-0C6A4F352982}.Debug|x86.ActiveCfg = Debug|Win32
		{7F915C2D-5D61-43E0-B729-0C6A4F352982}.Debug|x86.Build.0 = Debug|Win32
		{7F915C2D-5D61-43E0-B729-0C6A4F352982}.Release|x64.ActiveCfg = Release|x64
		{7F915C2D-5D61-43E0-B729-0C6A4F352982}.Release|x64.Build.0 = Release|x64
		{7F915C2D-5D61-43E0-B729-0C6A4F352982}.Release|x86.ActiveCfg = Release|Win32
		{7F915C2D-5D61-43E0-B729-0C6A4F352982}.Release|x86.Build.0 = Release|Win32
		{698555B4-79F8-4EF0-AACE-0EF77528B11F}.Debug|x64.ActiveCfg = Debug|x64
		{698555B4-79F8-4EF0-AACE-0EF77528B11F}.Debug|x64.Build.0 = Debug|x64
		{698555B4-79F8-4EF0-AACE-0EF77528B11F}.Debug|x86.ActiveCfg = Debug|Win32
		{698555B4-79F8-4EF0-AACE-0EF77528B11F}.Debug|x86.Build.0 = Debug|Win32
		{698555B4-79F8-4EF0-AACE-0EF77528B11F}.Release|x64.ActiveCfg = Release|x64
		{698555B4-79F8-4EF0-AACE-0EF77528B11F}.Release|x64.Build.0 = Release|x64
		{698555B4-79F8-4EF0-AACE-0EF77528B11F}.Release|x86.ActiveCfg = Release|Win32
		{698555B4-79F8-4EF0-AACE-0EF77528B11F}.Release|x86.Build.0 = Release|Win32
		{FCC24CDF-A256-4AC2-AD2B-2EA2553E5C9E}.Debug|x64.ActiveCfg = Debug|x64
		{FCC24CDF-A256-4AC2-AD2B-2EA2553E5C9E}.Debug|x64.Build.0 = Debug|x64
		{FCC24CDF-A256-4AC2-AD2B-2EA2553E5C9E}.Debug|x86.ActiveCfg = Debug|Win32
		{FCC24CDF-A256-4AC2-AD2B-2EA2553E5C9E}.Debug|x86.Build.0 = Debug|Win32
		{FCC24CDF-A256-4AC2-AD2B-2EA2553E5C9E}.Release|x64.ActiveCfg = Release|x64
		{FCC24CDF-A256-4AC2-AD2B-2EA2553E5C9E}.Release|x64.Build.0 = Release|x64
		{FCC24CDF-A256-4AC2-AD2B-2EA2553E5C9E}.Release|x86.ActiveCfg = Release|Win32
		{FCC24CDF-A256-4AC2-AD2B-2EA2553E5C9E}.Release|x86.Build.0 = Release|Win32
		{95BE22B9-F316-4A26-86A4-4C17424893F7}.Debug|x64.ActiveCfg = Debug|x64
		{95BE22B9-F316-4A26-86A4-4C17424893F7}.Debug|x64.Build.0 = Debug|x64
		{95BE22B9-F316-4A26-86A4-4C17424893F7}.Debug|x86.ActiveCfg = Debug|Win32
		{95BE22B9-F316-4A26-86A4-4C17424893F7}.Debug|x86.Build.0 = Debug|Win32
		{95BE22B9-F316-4A26-86A4-4C17424893F7}.Release|x64.ActiveCfg = Release|x64
		{95BE22B9-F316-4A26-86A4-4C17424893F7}.Release|x64.Build.0 = Release|x64
		{95BE22B9-F316-4A26-86A4-4C17424893F7}.Release|x86.ActiveCfg = Release|Win32
		{95BE22B9-F316-4A26-86A4-4C17424893F7}.Release|x86.Build.0 = Release|Win32
		{5E4D8E40-50C8-4AE3-9759-A86C13669F55}.Debug|x64.ActiveCfg = Debug|x64
		{5E4D8E40-50C8-4AE3-9759-A86C13669F55}.Debug|x64.Build.0 = Debug|x64
		{5E4D8E40-50C8-4AE3-9759-A86C13669F55}.Debug|x86.ActiveCfg = Debug|Win32
		{5E4D8E40-50C8-4AE3-9759-A86C13669F55}.Debug|x86.Build.0 = Debug|Win32
		{5E4D8E40-50C8-4AE3-9759-A86C13669F55}.Release|x64.ActiveCfg = Release|x64
		{5E4D8E40-50C8-4AE3-9759-A86C13669F55}.Release|x64.Build.0 = Release|x64
		{5E4D8E40-50C8-4AE3-9759-A86C13669F55}.Release|x86.ActiveCfg = Release|Win32
		{5E4D8E40-50C8-4AE3-9759-A86C13669F55}.Release|x86.Build.0 = Release|Win32
		{7CBFB6EC-78FC-4BDE-BEF3-99BB94FF05AD}.Debug|x64.ActiveCfg = Debug|x64
		{7CBFB6EC-78FC-4BDE-BEF3-99BB94FF05AD}.Debug|x64.Build.0 = Debug|x64
		{7CBFB6EC-78FC-4BDE-BEF3-99BB94FF05AD}.Debug|x86.ActiveCfg = Debug|Win32
		{7CBFB6EC-78FC-4BDE-BEF3-99BB94FF05AD}.Debug|x86.Build.0 = Debug|Win32
		{7CBFB6EC-78FC-4BDE-BEF3-99BB94FF05AD}.Release|x64.ActiveCfg = Release|x64
		{7CBFB6EC-78FC-4BDE-BEF3-99BB94FF05AD}.Release|x64.Build.0 = Release|x64
		{7CBFB6EC-78FC-4BDE-BEF3-99BB94FF05AD}.Release|x86.ActiveCfg = Release|Win32
		{7CBFB6EC-78FC-4BDE-BEF3-99BB94FF05AD}.Release|x86.Build.0 = Release|Win32
		{08EE6D99-FF16-4149-89BD-DBCF8208FA28}.Debug|x64.ActiveCfg = Debug|x64
		{08EE6D99-FF16-4149-89BD-DBCF8208FA28}.Debug|x64.Build.0 = Debug|x64
		{08EE6D99-FF16-4149-89BD-DBCF8208FA28}.Debug|x86.ActiveCfg = Debug|Win32
		{08EE6D99-FF16-4149-89BD-DBCF8208FA28}.Debug|x86.Build.0 = Debug|Win32
		{08EE6D99-FF16-4149-89BD-DBCF8208FA28}.Release|x64.ActiveCfg = Release|x64
		{08EE6D99-FF16-4149-89BD-DBCF8208FA28}.Release|x64.Build.0 = Release|x64
		{08EE6D99-FF16-4149-89BD-DBCF8208FA28}.Release|x86.ActiveCfg = Release|Win32
		{08EE6D99-FF16-4149-89BD-DBCF8208FA28}.Release|x86.Build.0 = Release|Win32
		{B31D8E1C-9F71-434D-B2BA-79C2316FBF27}.Debug|x64.ActiveCfg = Debug|x64
		{B31D8E1C-9F71-434D-B2BA-79C2316FBF27}.Debug|x64.Build.0 = Debug|x64
		{B31D8E1C-9F71-434D-B2BA-79C2316FBF27}.Debug|x86.ActiveCfg = Debug|Win32
		{B31D8E1C-9F71-434D-B2BA-79C2316FBF27}.Debug|x86.Build.0 = Debug|Win32
		{B31D8E1C-9F71-434D-B2BA-79C2316FBF27}.Release|x64.ActiveCfg = Release|x64
		{B31D8E1C-9F71-434D-B2BA-79C2316FBF27}.Release|x64.Build.0 = Release|x64
		{B31D8E1C-9F71-434D-B2BA-79C2316FBF27}.Release|x86.ActiveCfg = Release|Win32
		{B31D8E1C-9F71-434D-B2BA-79C2316FBF27}.Release|x86.Build.0 = Release|Win32
		{2C76DF6D-E213-428E-8BAC-452E3A32C64D}.Debug|x64.ActiveCfg = Debug|x64
		{2C76DF6D-E213-428E-8BAC-452E3A32C64D}.Debug|x64.Build.0 = Debug|x64
		{2C76DF6D-E213-428E-8BAC-452E3A32C64D}.Debug|x86.ActiveCfg = Debug|Win32
		{2C76DF6D-E213-428E-8BAC-452E3A32C64D}.Debug|x86.Build.0 = Debug|Win32
		{2C76DF6D-E213-428E-8BAC-452E3A32C64D}.Release|x64.ActiveCfg = Release|x64
		{2C76DF6D-E213-428E-8BAC-452E3A32C64D}.Release|x64.Build.0 = Release|x64
		{2C76DF6D-E213-428E-8BAC-452E3A32C64D}.Release|x86.ActiveCfg = Release|Win32
		{2C76DF6D-E213-428E-8BAC-452E3A32C64D}.Release|x86.Build.0 = Release|Win32
		{0B8B6682-2353-4E50-9D01-1D29344A0A6A}.Debug|x64.ActiveCfg = Debug|x64
		{0B8B6682-2353-4E50-9D01-1D29344A0A6A}.Debug|x64.Build.0 = Debug|x64
		{0B8B6682-2353-4E50-9D01-1D29344A0A6A}.Debug|x86.ActiveCfg = Debug|Win32
		{0B8B6682-2353-4E50-9D01-1D29344A0A6A}.Debug|x86.Build.0 = Debug|Win32
		{0B8B6682-2353-4E50-9D01-1D29344A0A6A}.Release|x64.ActiveCfg = Release|x64
		{0B8B6682-2353-4E50-9D01-1D29344A0A6A}.Release|x64.Build.0 = Release|x64
		{0B8B6682-2353-4E50-9D01-1D29344A0A6A}.Release|x86.ActiveCfg = Release|Win32
		{0B8B6682-2353-4E50-9D01-1D29344A0A6A}.Release|x86.Build.0 = Release|Win32
		{BF990105-B002-47EF-AFD9-9A504EF31F07}.Debug|x64.ActiveCfg = Debug|x64
		{BF990105-B002-47EF-AFD9-9A504EF31F07}.Debug|x64.Build.0 = Debug|x64
		{BF990105-B002-47EF-AFD9-9A504EF31F07}.Debug|x86.ActiveCfg = Debug|Win32
		{BF990105-B002-47EF-AFD9-9A504EF31F07}.Debug|x86.Build.0 = Debug|Win32
		{BF990105-B002-47EF-AFD9-9A504EF31F07}.Release|x64.ActiveCfg = Release|x64
		{BF990105-B002-47EF-AFD9-9A504EF31F07}.Release|x64.Build.0 = Release|x64
		{BF990105-B002-47EF-AFD9-9A504EF31F07}.Release|x86.ActiveCfg = Release|Win32
		{BF990105-B002-47EF-AFD9-9A504EF31F07}.Release|x86.Build.0 = Release|Win32
		{8D4D28EC-6A92-4D67-BC53-941E6AAA77AD}.Debug|x64.ActiveCfg = Debug|x64
		{8D4D28EC-6A92-4D67-BC53-941E6AAA77AD}.Debug|x64.Build.0 = Debug|x64
		{8D4D28EC-6A92-4D67-BC53-941E6AAA77AD}.Debug|x86.ActiveCfg = Debug|Win32
		{8D4D28EC-6A92-4D67-BC53-941E6AAA77AD}.Debug|x86.Build.0 = Debug|Win32
		{8D4D28EC-6A92-4D67-BC53-941E6AAA77AD}.Release|x64.ActiveCfg = Release|x64
		{8D4D28EC-6A92-4D67-BC53-941E6AAA77AD}.Release|x64.Build.0 = Release|x64
		{8D4D28EC-6A92-4D67-BC53-941E6AAA77AD}.Release|x86.ActiveCfg = Release|Win32
		{8D4D28EC-6A92-4D67-BC53-941E6AAA77AD}.Release|x86.Build.0 = Release|Win32
		{A0D18317-3EC8-4DE1-B68E-6D7C2C838553}.Debug|x64.ActiveCfg = Debug|x64
		{A0D18317-3EC8-4DE1-B68E-6D7C2C838553}.Debug|x64.Build.0 = Debug|x64
		{A0D18317-3EC8-4DE1-B68E-6D7C2C838553}.Debug|x86.ActiveCfg = Debug|Win32
		{A0D18317-3EC8-4DE1-B68E-6D7C2C838553}.Debug|x86.Build.0 = Debug|Win32
		{A0D18317-3EC8-4DE1-B68E-6D7C2C838553}.Release|x64.ActiveCfg = Release|x64
		{A0D18317-3EC8-4DE1-B68E-6D7C2C838553}.Release|x64.Build.0 = Release|x64
		{A0D18317-3EC8-4DE1-B68E-6D7C2C838553}.Release|x86.ActiveCfg = Release|Win32
		{A0D18317-3EC8-4DE1-B68E-6D7C2C838553}.Release|x86.Build.0 = Release|Win32
		{6E066648-D6BD-410F-AE65-DA6F886B160D}.Debug|x64.ActiveCfg = Debug|x64
		{6E066648-D6BD-410F-AE65-DA6F886B160D}.Debug|x64.Build.0 = Debug|x64
		{6E066648-D6BD-410F-AE65-DA6F886B160D}.Debug|x86.ActiveCfg = Debug|Win32
		{6E066648-D6BD-410F-AE65-DA6F886B160D}.Debug|x86.Build.0 = Debug|Win32
		{6E066648-D6BD-410F-AE65-DA6F886B160D}.Release|x64.ActiveCfg = Release|x64
		{6E066648-D6BD-410F-AE65-DA6F886B160D}.Release|x64.Build.0 = Release|x64
		{6E066648-D6BD-410F-AE65-DA6F886B160D}.Release|x86.ActiveCfg = Release|Win32
		{6E066648-D6BD-410F-AE65-DA6F886B160D}.Release|x86.Build.0 = Release|Win32
		{2887E7AC-C598-469E-A2D9-FA8490C32DC7}.Debug|x64.ActiveCfg = Debug|x64
		{2887E7AC-C598-469E-A2D9-FA8490C32DC7}.Debug|x64.Build.0 = Debug|x64
		{2887E7AC-C598-469E-A2D9-FA8490C32DC7}.Debug|x86.ActiveCfg = Debug|Win32
		{2887E7AC-C598-469E-A2D9-FA8490C32DC7}.Debug|x86.Build.0 = Debug|Win32
		{2887E7AC-C598-469E-A2D9-FA8490C32DC7}.Release|x64.ActiveCfg = Release|x64
		{2887E7AC-C598-469E-A2D9-FA8490C32DC7}.Release|x64.Build.0 = Release|x64
		{2887E7AC-C598-469E-A2D9-FA8490C32DC7}.Release|x86.ActiveCfg = Release|Win32
		{2887E7AC-C598-469E-A2D9-FA8490C32DC7}.Release|x86.Build.0 = Release|Win32
		{58AC9600-C2E5-408D-9DEA-0F8A92AB97D4}.Debug|x64.ActiveCfg = Debug|x64
		{58AC9600-C2E5-408D-9DEA-0F8A92AB97D4}.Debug|x64.Build.0 = Debug|x64
		{58AC9600-C2E5-408D-9DEA-0F8A92AB97D4}.Debug|x86.ActiveCfg = Debug|Win32
		{58AC9600-C2E5-408D-9DEA-0F8A92AB97D4}.Debug|x86.Build.0 = Debug|Win32
		{58AC9600-C2E5-408D-9DEA-0F8A92AB97D4}.Release|x64.ActiveCfg = Release|x64
		{58AC9600-C2E5-408D-9DEA-0F8A92AB97D4}.Release|x64.Build.0 = Release|x64
		{58AC9600-C2E5-408D-9DEA-0F8A92AB97D4}.Release|x86.ActiveCfg = Release|Win32
		{58AC9600-C2E5-408D-9DEA-0F8A92AB97D4}.Release|x86.Build.0 = Release|Win32
		{7703453B-CD85-42D1-839E-81B597947E69}.Debug|x64.ActiveCfg = Debug|x64
		{7703453B-CD85-42D1-839E-81B597947E69}.Debug|x64.Build.0 = Debug|x64
		{7703453B-CD85-42D1-839E-81B597947E69}.Debug|x86.ActiveCfg = Debug|Win32
		{7703453B-CD85-42D1-839E-81B597947E69}.Debug|x86.Build.0 = Debug|Win32
		{7703453B-CD85-42D1-839E-81B597947E69}.Release|x64.ActiveCfg = Release|x64
		{7703453B-CD85-42D1-839E-81B597947E69}.Release|x64.Build.0 = Release|x64
		{7703453B-CD85-42D1-839E-81B597947E69}.Release|x86.ActiveCfg = Release|Win32
		{7703453B-CD85-42D1-839E-81B597947E69}.Release|x86.Build.0 = Release|Win32
		{59257D44-29A4-4123-821A-82632A21361A}.Debug|x64.ActiveCfg = Debug|x64
		{59257D44-29A4-4123-821A-82632A21361A}.Debug|x64.Build.0 = Debug|x64
		{59257D44-29A4-4123-821A-82632A21361A}.Debug|x86.ActiveCfg = Debug|Win32
		{59257D44-29A4-4123-821A-82632A21361A}.Debug|x86.Build.0 = Debug|Win32
		{59257D44-29A4-4123-821A-82632A21361A}.Release|x64.ActiveCfg = Release|x64
		{59257D44-29A4-4123-821A-82632A21361A}.Release|x64.Build.0 = Release|x64
		{59257D44-29A4-4123-821A-82632A21361A}.Release|x86.ActiveCfg = Release|Win32
		{59257D44-29A4-4123-821A-82632A21361A}.Release|x86.Build.0 = Release|Win32
		{5C17A5FE-FFB9-4AF0-9641-27CEB31929A6}.Debug|x64.ActiveCfg = Debug|x64
		{5C17A5FE-FFB9-4AF0-9641-27CEB31929A6}.Debug|x64.Build.0 = Debug|x64
		{5C17A5FE-FFB9-4AF0-9641-27CEB31929A6}.Debug|x86.ActiveCfg = Debug|Win32
		{5C17A5FE-FFB9-4AF0-9641-27CEB31929A6}.Debug|x86.Build.0 = Debug|Win32
		{5C17A5FE-FFB9-4AF0-9641-27CEB31929A6}.Release|x64.ActiveCfg = Release|x64
		{5C17A5FE-FFB9-4AF0-9641-27CEB31929A6}.Release|x64.Build.0 = Release|x64
		{5C17A5FE-FFB9-4AF0-9641-27CEB31929A6}.Release|x86.ActiveCfg = Release|Win32
		{5C17A5FE-FFB9-4AF0-9641-27CEB31929A6}.Release|x86.Build.0 = Release|Win32
		{CDFB7446-1CDE-451C-8D74-7261D9AF13B9}.Debug|x64.ActiveCfg = Debug|x64
		{CDFB7446-1CDE-451C-8D74-7261D9AF13B9}.Debug|x64.Build.0 = Debug|x64
		{CDFB7446-1CDE-451C-8D74-7261D9AF13B9}.Debug|x86.ActiveCfg = Debug|Win32
		{CDFB7446-1CDE-451C-8D74-7261D9AF13B9}.Debug|x86.Build.0 = Debug|Win32
		{CDFB7446-1CDE-451C-8D74-7261D9AF13B9}.Release|x64.ActiveCfg = Release|x64
		{CDFB7446-1CDE-451C-8D74-7261D9AF13B9}.Release|x64.Build.0 = Release|x64
		{CDFB7446-1CDE-451C-8D74-7261D9AF13B9}.Release|x86.ActiveCfg = Release|Win32
		{CDFB7446-1CDE-451C-8D74-7261D9AF13B9}.Release|x86.Build.0 = Release|Win32
		{71B0A905-41C6-48F2-B2F3-A5BE6471F3E3}.Debug|x64.ActiveCfg = Debug|x64
		{71B0A905-41C6-48F2-B2F3-A5BE6471F3E3}.Debug|x64.Build.0 = Debug|x64
		{71B0A905-41C6-48F2-B2F3-A5BE6471F3E3}.Debug|x86.ActiveCfg = Debug|Win32
		{71B0A905-41C6-48F2-B2F3-A5BE6471F3E3}.Debug|x86.Build.0 = Debug|Win32
		{71B0A905-41C6-48F2-B2F3-A5BE6471F3E3}.Release|x64.ActiveCfg = Release|x64
		{71B0A905-41C6-48F2-B2F3-A5BE6471F3E3}.Release|x64.Build.0 = Release|x64
		{71B0A905-41C6-48F2-B2F3-A5BE6471F3E3}.Release|x86.ActiveCfg = Release|Win32
		{71B0A905-41C6-48F2-B2F3-A5BE6471F3E3}.Release|x86.Build.0 = Release|Win32
		{29A3F32E-892C-4B14-8197-51796B56CCDE}.Debug|x64.ActiveCfg = Debug|x64
		{29A3F32E-892C-4B14-8197-51796B56CCDE}.Debug|x64.Build.0 = Debug|x64
		{29A3F32E-892C-4B14-8197-51796B56CCDE}.Debug|x86.ActiveCfg = Debug|Win32
		{29A3F32E-892C-4B14-8197-51796B56CCDE}.Debug|x86.Build.0 = Debug|Win32
		{29A3F32E-892C-4B14-8197-51796B56CCDE}.Release|x64.ActiveCfg = Release|x64
		{29A3F32E-892C-4B14-8197-51796B56CCDE}.Release|x64.Build.0 = Release|x64
		{29A3F32E-892C-4B14-8197-51796B56CCDE}.Release|x86.ActiveCfg = Release|Win32
		{29A3F32E-892C-4B14-8197-51796B56CCDE}.Release|x86.Build.0 = Release|Win32
		{FAF2F607-DE9F-4D9A-90FB-B4C5545B0B56}.Debug|x64.ActiveCfg = Debug|x64
		{FAF2F607-DE9F-4D9A-90FB-B4C5545B0B56}.Debug|x64.Build.0 = Debug|x64
		{FAF2F607-DE9F-4D9A-90FB-B4C5545B0B56}.Debug|x86.ActiveCfg = Debug|Win32
		{FAF2F607-DE9F-4D9A-90FB-B4C5545B0B56}.Debug|x86.Build.0 = Debug|Win32
		{FAF2F607-DE9F-4D9A-90FB-B4C5545B0B56}.Release|x64.ActiveCfg = Release|x64
		{FAF2F607-DE9F-4D9A-90FB-B4C5545B0B56}.Release|x64.Build.0 = Release|x64
		{FAF2F607-DE9F-4D9A-90FB-B4C5545B0B56}.Release|x86.ActiveCfg = Release|Win32
		{FAF2F607-DE9F-4D9A-90FB-B4C5545B0B56}.Release|x86.Build.0 = Release|Win32
		{11410512-BAE5-421A-BB23-1DFA3A6A5675}.Debug|x64.ActiveCfg = Debug|x64
		{11410512-BAE5-421A-BB23-1DFA3A6A5675}.Debug|x64.Build.0 = Debug|x64
		{11410512-BAE5-421A-BB23-1DFA3A6A5675}.Debug|x86.ActiveCfg = Debug|Win32
		{11410512-BAE5-421A-BB23-1DFA3A6A5675}.Debug|x86.Build.0 = Debug|Win32
		{11410512-BAE5-421A-BB23-1DFA3A6A5675}.Release|x64.ActiveCfg = Release|x64
		{11410512-BAE5-421A-BB23-1DFA3A6A5675}.Release|x64.Build.0 = Release|x64
		{11410512-BAE5-421A-BB23-1DFA3A6A5675}.Release|x86.ActiveCfg = Release|Win32
		{11410512-BAE5-421A-BB23-1DFA3A6A5675}.Release|x86.Build.0 = Release|Win32
		{47F25585-F2E1-495E-BD3A-9AAB2C5C3D0E}.Debug|x64.ActiveCfg = Debug|x64
		{47F25585-F2E1-495E-BD3A-9AAB2C5C3D0E}.Debug|x64.Build.0 = Debug|x64
		{47F25585-F2E1-495E-BD3A-9AAB2C5C3D0E}.Debug|x86.ActiveCfg = Debug|Win32
		{47F25585-F2E1-495E-BD3A-9AAB2C5C3D0E}.Debug|x86.Build.0 = Debug|Win32
		{47F25585-F2E1-495E-BD3A-9AAB2C5C3D0E}.Release|x64.ActiveCfg = Release|x64
		{47F25585-F2E1-495E-BD3A-9AAB2C5C3D0E}.Release|x64.Build.0 = Release|x64
		{47F25585-F2E1-495E-BD3A-9AAB2C5C3D0E}.Release|x86.ActiveCfg = Release|Win32
		{47F25585-F2E1-495E-BD3A-9AAB2C5C3D0E}.Release|x86.Build.0 = Release|Win32
		{571F3C3E-7C99-4295-A40B-D6C65E38AB69}.Debug|x64.ActiveCfg = Debug|x64
		{571F3C3E-7C99-4295-A40B-D6C65E38AB69}.Debug|x64.Build.0 = Debug|x64
		{571F3C3E-7C99-4295-A40B-D6C65E38AB69}.Debug|x86.ActiveCfg = Debug|Win32
		{571F3C3E-7C99-4295-A40B-D6C65E38AB69}.Debug|x86.Build.0 = Debug|Win32
		{571F3C3E-7C99-4295-A40B-D6C65E38AB69}.Release|x64.ActiveCfg = Release|x64
		{571F3C3E-7C99-4295-A40B-D6C65E38AB69}.Release|x64.Build.0 = Release|x64
		{571F3C3E-7C99-4295-A40B-D6C65E38AB69}.Release|x86.ActiveCfg = Release|Win32
		{571F3C3E-7C99-4295-A40B-D6C65E38AB69}.Release|x86.Build.0 = Release|Win32
		{70738630-F6B1-417C-9ED5-8D722F5D0FD7}.Debug|x64.ActiveCfg = Debug|x64
		{70738630-F6B1-417C-9ED5-8D722F5D0FD7}.Debug|x64.Build.0 = Debug|x64
		{70738630-F6B1-417C-9ED5-8D722F5D0FD7}.Debug|x86.ActiveCfg = Debug|Win32
		{70738630-F6B1-417C-9ED5-8D722F5D0FD7}.Debug|x86.Build.0 = Debug|Win32
		{70738630-F6B1-417C-9ED5-8D722F5D0FD7}.Release|x64.ActiveCfg = Release|x64
		{70738630-F6B1-417C-9ED5-8D722F5D0FD7}.Release|x64.Build.0 = Release|x64
		{70738630-F6B1-417C-9ED5-8D722F5D0FD7}.Release|x86.ActiveCfg = Release|Win32
		{70738630-F6B1-417C-9ED5-8D722F5D0FD7}.Release|x86.Build.0 = Release|Win32
		{D4173EBF-7A06-442A-AD49-EF7D8E3311D2}.Debug|x64.ActiveCfg = Debug|x64
		{D4173EBF-7A06-442A-AD49-EF7D8E3311D2}.Debug|x64.Build.0 = Debug|x64
		{D4173EBF-7A06-442A-AD49-EF7D8E3311D2}.Debug|x86.ActiveCfg = Debug|Win32
		{D4173EBF-7A06-442A-AD49-EF7D8E3311D2}.Debug|x86.Build.0 = Debug|Win32
		{D4173EBF-7A06-442A-AD49-EF7D8E3311D2}.Release|x64.ActiveCfg = Release|x64
		{D4173EBF-7A06-442A-AD49-EF7D8E3311D2}.Release|x64.Build.0 = Release|x64
		{D4173EBF-7A06-442A-AD49-EF7D8E3311D2}.Release|x86.ActiveCfg = Release|Win32
		{D4173EBF-7A06-442A-AD49-EF7D8E3311D2}.Release|x86.Build.0 = Release|Win32
		{EE3D4C7A-890F-478E-A4F2-ABE4BE16EF7A}.Debug|x64.ActiveCfg = Debug|x64
		{EE3D4C7A-890F-478E-A4F2-ABE4BE16EF7A}.Debug|x64.Build.0 = Debug|x64
		{EE3D4C7A-890F-478E-A4F2-ABE4BE16EF7A}.Debug|x86.ActiveCfg = Debug|Win32
		{EE3D4C7A-890F-478E-A4F2-ABE4BE16EF7A}.Debug|x86.Build.0 = Debug|Win32
		{EE3D4C7A-890F-478E-A4F2-ABE4BE16EF7A}.Release|x64.ActiveCfg = Release|x64
		{EE3D4C7A-890F-478E-A4F2-ABE4BE16EF7A}.Release|x64.Build.0 = Release|x64
		{EE3D4C7A-890F-478E-A4F2-ABE4BE16EF7A}.Release|x86.ActiveCfg = Release|Win32
		{EE3D4C7A-890F-478E-A4F2-ABE4BE16EF7A}.Release|x86.Build.0 = Release|Win32
		{379E09D4-5964-48C8-A322-6CA871260944}.Debug|x64.ActiveCfg = Debug|x64
		{379E09D4-5964-48C8-A322-6CA871260944}.Debug|x64.Build.0 = Debug|x64
		{379E09D4-5964-48C8-A322-6CA871260944}.Debug|x86.ActiveCfg = Debug|Win32
		{379E09D4-5964-48C8-A322-6CA871260944}.Debug|x86.Build.0 = Debug|Win32
		{379E09D4-5964-48C8-A322-6CA871260944}.Release|x64.ActiveCfg = Release|x64
		{379E09D4-5964-48C8-A322-6CA871260944}.Release|x64.Build.0 = Release|x64
		{379E09D4-5964-48C8-A322-6CA871260944}.Release|x86.ActiveCfg = Release|Win32
		{379E09D4-5964-48C8-A322-6CA871260944}.Release|x86.Build.0 = Release|Win32
		{DB8F7354-9B6A-4DFA-A8AE-A9ED883F8628}.Debug|x64.ActiveCfg = Debug|x64
		{DB8F7354-9B6A-4DFA-A8AE-A9ED883F8628}.Debug|x64.Build.0 = Debug|x64
		{DB8F7354-9B6A-4DFA-A8AE-A9ED883F8628}.Debug|x86.ActiveCfg = Debug|Win32
		{DB8F7354-9B6A-4DFA-A8AE-A9ED883F8628}.Debug|x86.Build.0 = Debug|Win32
		{DB8F7354-9B6A-4DFA-A8AE-A9ED883F8628}.Release|x64.ActiveCfg = Release|x64
		{DB8F7354-9B6A-4DFA-A8AE-A9ED883F8628}.Release|x64.Build.0 = Release|x64
		{DB8F7354-9B6A-4DFA-A8AE-A9ED883F8628}.Release|x86.ActiveCfg = Release|Win32
		{DB8F7354-9B6A-4DFA-A8AE-A9ED883F8628}.Release|x86.Build.0 = Release|Win32
		{D8DED6E0-168B-4284-AD7B-7461D5239F23}.Debug|x64.ActiveCfg = Debug|x64
		{D8DED6E0-168B-4284-AD7B-7461D5239F23}.Debug|x64.Build.0 = Debug|x64
		{D8DED6E0-168B-4284-AD7B-7461D5239F23}.Debug|x86.ActiveCfg = Debug|Win32
		{D8DED6E0-168B-4284-AD7B-7461D5239F23}.Debug|x86.Build.0 = Debug|Win32
		{D8DED6E0-168B-4284-AD7B-7461D5239F23}.Release|x64.ActiveCfg = Release|x64
		{D8DED6E0-168B-4284-AD7B-7461D5239F23}.Release|x64.Build.0 = Release|x64
		{D8DED6E0-168B-4284-AD7B-7461D5239F23}.Release|x86.ActiveCfg = Release|Win32
		{D8DED6E0-168B-4284-AD7B-7461D5239F23}.Release|x86.Build.0 = Release|Win32
		{0EC91E27-145E-4816-9D1D-1D8A63E5E2B3}.Debug|x64.ActiveCfg = Debug|x64
		{0EC91E27-145E-4816-9D1D-1D8A63E5E2B3}.Debug|x64.Build.0 = Debug|x64
		{0EC91E27-145E-4816-9D1D-1D8A63E5E2B3}.Debug|x86.ActiveCfg = Debug|Win32
		{0EC91E27-145E-4816-9D1D-1D8A63E5E2B3}.Debug|x86.Build.0 = Debug|Win32
		{0EC91E27-145E-4816-9D1D-1D8A63E5E2B3}.Release|x64.ActiveCfg = Release|x64
		{0EC91E27-145E-4816-9D1D-1D8A63E5E2B3}.Release|x64.Build.0 = Release|x64
		{0EC91E27-145E-4816-9D1D-1D8A63E5E2B3}.Release|x86.ActiveCfg = Release|Win32
		{0EC91E27-145E-4816-9D1D-1D8A63E5E2B3}.Release|x86.Build.0 = Release|Win32
		{6A78F3EA-D42D-4A68-9271-A5664FF70D81}.Debug|x64.ActiveCfg = Debug|x64
		{6A78F3EA-D42D-4A68-9271-A5664FF70D81}.Debug|x64.Build.0 = Debug|x64
		{6A78F3EA-D42D-4A68-9271-A5664FF70D81}.Debug|x86.ActiveCfg = Debug|Win32
		{6A78F3EA-D42D-4A68-9271-A5664FF70D81}.Debug|x86.Build.0 = Debug|Win32
		{6A78F3EA-D42D-4A68-9271-A5664FF70D81}.Release|x64.ActiveCfg = Release|x64
		{6A78F3EA-D42D-4A68-9271-A5664FF70D81}.Release|x64.Build.0 = Release|x64
		{6A78F3EA-D42D-4A68-9271-A5664FF70D81}.Release|x86.ActiveCfg = Release|Win32
		{6A78F3EA-D42D-4A68-9271-A5664FF70D81}.Release|x86.Build.0 = Release|Win32
		{82CC8B27-8389-478A-9EFD-ECC6060136B0}.Debug|x64.ActiveCfg = Debug|x64
		{82CC8B27-8389-478A-9EFD-ECC6060136B0}.Debug|x64.Build.0 = Debug|x64
		{82CC8B27-8389-478A-9EFD-ECC6060136B0}.Debug|x86.ActiveCfg = Debug|Win32
		{82CC8B27-8389-478A-9EFD-ECC6060136B0}.Debug|x86.Build.0 = Debug|Win32
		{82CC8B27-8389-478A-9EFD-ECC6060136B0}.Release|x64.ActiveCfg = Release|x64
		{82CC8B27-8389-478A-9EFD-ECC6060136B0}.Release|x64.Build.0 = Release|x64
		{82CC8B27-8389-478A-9EFD-ECC6060136B0}.Release|x86.ActiveCfg = Release|Win32
		{82CC8B27-8389-478A-9EFD-ECC6060136B0}.Release|x86.Build.0 = Release|Win32
		{B73FC663-7557-4812-BF40-0DB71BA106EE}.Debug|x64.ActiveCfg = Debug|x64
		{B73FC663-7557-4812-BF40-0DB71BA106EE}.Debug|x64.Build.0 = Debug|x64
		{B73FC663-7557-4812-BF40-0DB71BA106EE}.Debug|x86.ActiveCfg = Debug|Win32
		{B73FC663-7557-4812-BF40-0DB71BA106EE}.Debug|x86.Build.0 = Debug|Win32
		{B73FC663-7557-4812-BF40-0DB71BA106EE}.Release|x64.ActiveCfg = Release|x64
		{B73FC663-7557-4812-BF40-0DB71BA106EE}.Release|x64.Build.0 = Release|x64
		{B73FC663-7557-4812-BF40-0DB71BA106EE}.Release|x86.ActiveCfg = Release|Win32
		{B73FC663-7557-4812-BF40-0DB71BA106EE}.Release|x86.Build.0 = Release|Win32
		{5582F637-2BFC-4A57-9EEF-C73F0F634902}.Debug|x64.ActiveCfg = Debug|x64
		{5582F637-2BFC-4A57-9EEF-C73F0F634902}.Debug|x64.Build.0 = Debug|x64
		{5582F637-2BFC-4A57-9EEF-C73F0F634902}.Debug|x86.ActiveCfg = Debug|Win32
		{5582F637-2BFC-4A57-9EEF-C73F0F634902}.Debug|x86.Build.0 = Debug|Win32
		{5582F637-2BFC-4A57-9EEF-C73F0F634902}.Release|x64.ActiveCfg = Release|x64
		{5582F637-2BFC-4A57-9EEF-C73F0F634902}.Release|x64.Build.0 = Release|x64
		{5582F637-2BFC-4A57-9EEF-C73F0F634902}.Release|x86.ActiveCfg = Release|Win32
		{5582F637-2BFC-4A57-9EEF-C73F0F634902}.Release|x86.Build.0 = Release|Win32
		{CA3DC8EE-EFB7-4775-9EA2-845222C306B8}.Debug|x64.ActiveCfg = Debug|x64
		{CA3DC8EE-EFB7-4775-9EA2-845222C306B8}.Debug|x64.Build.0 = Debug|x64
		{CA3DC8EE-EFB7-4775-9EA2-845222C306B8}.Debug|x86.ActiveCfg = Debug|Win32
		{CA3DC8EE-EFB7-4775-9EA2-845222C306B8}.Debug|x86.Build.0 = Debug|Win32
		{CA3DC8EE-EFB7-4775-9EA2-845222C306B8}.Release|x64.ActiveCfg = Release|x64
		{CA3DC8EE-EFB7-4775-9EA2-845222C306B8}.Release|x64.Build.0 = Release|x64
		{CA3DC8EE-EFB7-4775-9EA2-845222C306B8}.Release|x86.ActiveCfg = Release|Win32
		{CA3DC8EE-EFB7-4775-9EA2-845222C306B8}.Release|x86.Build.0 = Release|Win32
	EndGlobalSection
	GlobalSection(SolutionProperties) = preSolution
		HideSolutionNode = FALSE
	EndGlobalSection
	GlobalSection(NestedProjects) = preSolution
		{3D6493E7-99D8-44B2-87B4-CC7E14A2768C} = {3C2087DA-BE6F-42BF-9BD3-A99970473363}
		{6DEA72E4-B579-4C21-9EE2-BFC60B37402F} = {3C2087DA-BE6F-42BF-9BD3-A99970473363}
		{2941B217-E25D-4A87-ACFA-90D185B5EA4A} = {3C2087DA-BE6F-42BF-9BD3-A99970473363}
		{EC31B710-01E3-4416-97AB-CD8BBE3AD37F} = {3C2087DA-BE6F-42BF-9BD3-A99970473363}
		{165EC138-2ADF-42ED-ADE1-FE697225324F} = {3C2087DA-BE6F-42BF-9BD3-A99970473363}
		{EB6823A4-4DB2-4189-860B-611B1434CA57} = {3C2087DA-BE6F-42BF-9BD3-A99970473363}
		{EAC224DE-6BF2-4F0D-A3E2-A8EA3BAF3213} = {3C2087DA-BE6F-42BF-9BD3-A99970473363}
		{5B489D87-817C-4B01-9B62-BC5134EF091C} = {3C2087DA-BE6F-42BF-9BD3-A99970473363}
		{C860846E-CC2D-43FD-A6EA-4999F9E3C3F9} = {F0393925-72DA-4C1A-BA7B-1305FAE796BC}
		{400F1EDC-A051-40FC-A1E1-B22FB406EE42} = {F0393925-72DA-4C1A-BA7B-1305FAE796BC}
		{14A47022-A5AD-4859-8043-16FC47BA61D4} = {F0393925-72DA-4C1A-BA7B-1305FAE796BC}
		{EB3E068C-744E-4DCA-9CA0-1C8516CF2532} = {F0393925-72DA-4C1A-BA7B-1305FAE796BC}
		{5E2F384A-37AF-407D-96D8-C7D659A378F2} = {F0393925-72DA-4C1A-BA7B-1305FAE796BC}
		{86BB61B8-96B1-41D2-9153-475EBD4FB3A5} = {F0393925-72DA-4C1A-BA7B-1305FAE796BC}
		{A1909481-46D6-4F28-8D88-D64A8A811537} = {F0393925-72DA-4C1A-BA7B-1305FAE796BC}
		{433BD367-ADB1-46C4-8502-2F933C44575A} = {F0393925-72DA-4C1A-BA7B-1305FAE796BC}
		{0C0EF1DC-79AC-45DD-82F4-35ED24E77B67} = {F0393925-72DA-4C1A-BA7B-1305FAE796BC}
		{65045E02-BB38-4514-BCE2-1D8A2A705F9A} = {3486B4F9-C0CA-43DA-AB21-5B4DB614F02C}
		{A2977986-0249-4DA6-B6C6-91F3333CA08F} = {3486B4F9-C0CA-43DA-AB21-5B4DB614F02C}
		{77F413C6-B019-4BC6-8DD0-5DF5ED56A3A1} = {3486B4F9-C0CA-43DA-AB21-5B4DB614F02C}
		{C13727C0-2E85-47B2-AB62-FD84CD27ABD6} = {3486B4F9-C0CA-43DA-AB21-5B4DB614F02C}
		{7F915C2D-5D61-43E0-B729-0C6A4F352982} = {3486B4F9-C0CA-43DA-AB21-5B4DB614F02C}
		{698555B4-79F8-4EF0-AACE-0EF77528B11F} = {3486B4F9-C0CA-43DA-AB21-5B4DB614F02C}
		{FCC24CDF-A256-4AC2-AD2B-2EA2553E5C9E} = {3486B4F9-C0CA-43DA-AB21-5B4DB614F02C}
		{95BE22B9-F316-4A26-86A4-4C17424893F7} = {D5B20BE9-7F31-42B3-AEFD-673637A271A6}
		{5E4D8E40-50C8-4AE3-9759-A86C13669F55} = {D5B20BE9-7F31-42B3-AEFD-673637A271A6}
		{7CBFB6EC-78FC-4BDE-BEF3-99BB94FF05AD} = {D5B20BE9-7F31-42B3-AEFD-673637A271A6}
		{08EE6D99-FF16-4149-89BD-DBCF8208FA28} = {D5B20BE9-7F31-42B3-AEFD-673637A271A6}
		{B31D8E1C-9F71-434D-B2BA-79C2316FBF27} = {D5B20BE9-7F31-42B3-AEFD-673637A271A6}
		{2C76DF6D-E213-428E-8BAC-452E3A32C64D} = {6312639F-2835-4F0E-80AF-1DE1770EEB1F}
		{0B8B6682-2353-4E50-9D01-1D29344A0A6A} = {6312639F-2835-4F0E-80AF-1DE1770EEB1F}
		{BF990105-B002-47EF-AFD9-9A504EF31F07} = {6312639F-2835-4F0E-80AF-1DE1770EEB1F}
		{8D4D28EC-6A92-4D67-BC53-941E6AAA77AD} = {6312639F-2835-4F0E-80AF-1DE1770EEB1F}
		{A0D18317-3EC8-4DE1-B68E-6D7C2C838553} = {6312639F-2835-4F0E-80AF-1DE1770EEB1F}
		{6E066648-D6BD-410F-AE65-DA6F886B160D} = {6312639F-2835-4F0E-80AF-1DE1770EEB1F}
		{2887E7AC-C598-469E-A2D9-FA8490C32DC7} = {F2987617-950E-474F-B06B-D2972BA1396C}
		{58AC9600-C2E5-408D-9DEA-0F8A92AB97D4} = {F2987617-950E-474F-B06B-D2972BA1396C}
		{7703453B-CD85-42D1-839E-81B597947E69} = {F2987617-950E-474F-B06B-D2972BA1396C}
		{59257D44-29A4-4123-821A-82632A21361A} = {9B599793-030F-4AC6-B137-445F49C3BE61}
		{5C17A5FE-FFB9-4AF0-9641-27CEB31929A6} = {9B599793-030F-4AC6-B137-445F49C3BE61}
		{CDFB7446-1CDE-451C-8D74-7261D9AF13B9} = {9B599793-030F-4AC6-B137-445F49C3BE61}
		{71B0A905-41C6-48F2-B2F3-A5BE6471F3E3} = {10DBFB04-E57F-42BD-BDD7-3A6BDF7BA9CA}
		{29A3F32E-892C-4B14-8197-51796B56CCDE} = {10DBFB04-E57F-42BD-BDD7-3A6BDF7BA9CA}
		{FAF2F607-DE9F-4D9A-90FB-B4C5545B0B56} = {B60593A2-7E47-4F2E-86FB-91A770A8E7E1}
		{11410512-BAE5-421A-BB23-1DFA3A6A5675} = {B60593A2-7E47-4F2E-86FB-91A770A8E7E1}
		{47F25585-F2E1-495E-BD3A-9AAB2C5C3D0E} = {B60593A2-7E47-4F2E-86FB-91A770A8E7E1}
		{571F3C3E-7C99-4295-A40B-D6C65E38AB69} = {B60593A2-7E47-4F2E-86FB-91A770A8E7E1}
		{70738630-F6B1-417C-9ED5-8D722F5D0FD7} = {B60593A2-7E47-4F2E-86FB-91A770A8E7E1}
		{D4173EBF-7A06-442A-AD49-EF7D8E3311D2} = {9267B22B-BEF2-4494-8240-7FBC08E3F50C}
		{EE3D4C7A-890F-478E-A4F2-ABE4BE16EF7A} = {9267B22B-BEF2-4494-8240-7FBC08E3F50C}
		{379E09D4-5964-48C8-A322-6CA871260944} = {9267B22B-BEF2-4494-8240-7FBC08E3F50C}
		{DB8F7354-9B6A-4DFA-A8AE-A9ED883F8628} = {9267B22B-BEF2-4494-8240-7FBC08E3F50C}
		{D8DED6E0-168B-4284-AD7B-7461D5239F23} = {9267B22B-BEF2-4494-8240-7FBC08E3F50C}
		{0EC91E27-145E-4816-9D1D-1D8A63E5E2B3} = {9267B22B-BEF2-4494-8240-7FBC08E3F50C}
		{6A78F3EA-D42D-4A68-9271-A5664FF70D81} = {9267B22B-BEF2-4494-8240-7FBC08E3F50C}
		{82CC8B27-8389-478A-9EFD-ECC6060136B0} = {9267B22B-BEF2-4494-8240-7FBC08E3F50C}
		{B73FC663-7557-4812-BF40-0DB71BA106EE} = {9267B22B-BEF2-4494-8240-7FBC08E3F50C}
		{5582F637-2BFC-4A57-9EEF-C73F0F634902} = {9267B22B-BEF2-4494-8240-7FBC08E3F50C}
		{CA3DC8EE-EFB7-4775-9EA2-845222C306B8} = {0B2B51F3-9881-4A1C-AC7F-80C7A2206E33}
	EndGlobalSection
	GlobalSection(ExtensibilityGlobals) = postSolution
		SolutionGuid = {28723DF2-1CEF-4354-99C4-37C1265A1DAF}
	EndGlobalSection
EndGlobal
